
Microsoft Visual Studio Solution File, Format Version 12.00
Project("{FAE04EC0-301F-11D3-BF4B-00C04F79EFBC}") = "LanguageSelectUtils", "LanguageSelectUtils\LanguageSelectUtils.csproj", "{97F6ADB7-150C-42ED-AA97-E4565D0B5E6E}"
EndProject
Project("{FAE04EC0-301F-11D3-BF4B-00C04F79EFBC}") = "LanguageSelectUtils.Test", "LanguageSelectUtils.Test\LanguageSelectUtils.Test.csproj", "{8DA8A84C-F3E8-4DE9-BFE6-81F7CDC92136}"
EndProject
Global
	GlobalSection(SolutionConfigurationPlatforms) = preSolution
		Debug|Any CPU = Debug|Any CPU
		Release|Any CPU = Release|Any CPU
	EndGlobalSection
	GlobalSection(ProjectConfigurationPlatforms) = postSolution
		{97F6ADB7-150C-42ED-AA97-E4565D0B5E6E}.Debug|Any CPU.ActiveCfg = Debug|Any CPU
		{97F6ADB7-150C-42ED-AA97-E4565D0B5E6E}.Debug|Any CPU.Build.0 = Debug|Any CPU
		{97F6ADB7-150C-42ED-AA97-E4565D0B5E6E}.Release|Any CPU.ActiveCfg = Release|Any CPU
		{97F6ADB7-150C-42ED-AA97-E4565D0B5E6E}.Release|Any CPU.Build.0 = Release|Any CPU
		{8DA8A84C-F3E8-4DE9-BFE6-81F7CDC92136}.Debug|Any CPU.ActiveCfg = Debug|Any CPU
		{8DA8A84C-F3E8-4DE9-BFE6-81F7CDC92136}.Debug|Any CPU.Build.0 = Debug|Any CPU
		{8DA8A84C-F3E8-4DE9-BFE6-81F7CDC92136}.Release|Any CPU.ActiveCfg = Release|Any CPU
		{8DA8A84C-F3E8-4DE9-BFE6-81F7CDC92136}.Release|Any CPU.Build.0 = Release|Any CPU
	EndGlobalSection
EndGlobal
